{
  "name": "claw-migration",
  "version": "0.1.0",
  "lockfileVersion": 3,
  "requires": true,
  "packages": {
    "": {
      "name": "claw-migration",
      "version": "0.1.0",
      "license": "MIT",
      "bin": {
        "claw-migration": "bin/claw-migration.js"
      },
      "engines": {
        "node": ">=20.0.0"
      }
    }
  }
}
